// !$*UTF8*$!
{
	archiveVersion = 1;
	classes = {
	};
	objectVersion = 46;
	objects = {

/* Begin PBXBuildFile section */
		0457CB3A1C576DD9003FC4A5 /* main.m in Sources */ = {isa = PBXBuildFile; fileRef = 0457CB391C576DD9003FC4A5 /* main.m */; };
		0457CB421C576DF3003FC4A5 /* NSString+IMEIValidation.m in Sources */ = {isa = PBXBuildFile; fileRef = 0457CB411C576DF3003FC4A5 /* NSString+IMEIValidation.m */; };
/* End PBXBuildFile section */

/* Begin PBXCopyFilesBuildPhase section */
		0457CB341C576DD9003FC4A5 /* CopyFiles */ = {
			isa = PBXCopyFilesBuildPhase;
			buildActionMask = 2147483647;
			dstPath = /usr/share/man/man1/;
			dstSubfolderSpec = 0;
			files = (
			);
			runOnlyForDeploymentPostprocessing = 1;
		};
/* End PBXCopyFilesBuildPhase section */

/* Begin PBXFileReference section */
		0457CB361C576DD9003FC4A5 /* IMEI-Validation-Demo */ = {isa = PBXFileReference; explicitFileType = "compiled.mach-o.executable"; includeInIndex = 0; path = "IMEI-Validation-Demo"; sourceTree = BUILT_PRODUCTS_DIR; };
		0457CB391C576DD9003FC4A5 /* main.m */ = {isa = PBXFileReference; lastKnownFileType = sourcecode.c.objc; path = main.m; sourceTree = "<group>"; };
		0457CB401C576DF3003FC4A5 /* NSString+IMEIValidation.h */ = {isa = PBXFileReference; fileEncoding = 4; lastKnownFileType = sourcecode.c.h; path = "NSString+IMEIValidation.h"; sourceTree = "<group>"; };
		0457CB411C576DF3003FC4A5 /* NSString+IMEIValidation.m */ = {isa = PBXFileReference; fileEncoding = 4; lastKnownFileType = sourcecode.c.objc; path = "NSString+IMEIValidation.m"; sourceTree = "<group>"; };
/* End PBXFileReference section */

/* Begin PBXFrameworksBuildPhase section */
		0457CB331C576DD9003FC4A5 /* Frameworks */ = {
			isa = PBXFrameworksBuildPhase;
			buildActionMask = 2147483647;
			files = (
			);
			runOnlyForDeploymentPostprocessing = 0;
		};
/* End PBXFrameworksBuildPhase section */

/* Begin PBXGroup section */
		0457CB2D1C576DD9003FC4A5 = {
			isa = PBXGroup;
			children = (
				0457CB381C576DD9003FC4A5 /* IMEI-Validation-Demo */,
				0457CB371C576DD9003FC4A5 /* Products */,
			);
			sourceTree = "<group>";
		};
		0457CB371C576DD9003FC4A5 /* Products */ = {
			isa = PBXGroup;
			children = (
				0457CB361C576DD9003FC4A5 /* IMEI-Validation-Demo */,
			);
			name = Products;
			sourceTree = "<group>";
		};
		0457CB381C576DD9003FC4A5 /* IMEI-Validation-Demo */ = {
			isa = PBXGroup;
			children = (
				0457CB391C576DD9003FC4A5 /* main.m */,
				0457CB401C576DF3003FC4A5 /* NSString+IMEIValidation.h */,
				0457CB411C576DF3003FC4A5 /* NSString+IMEIValidation.m */,
			);
			path = "IMEI-Validation-Demo";
			sourceTree = "<group>";
		};
/* End PBXGroup section */

/* Begin PBXNativeTarget section */
		0457CB351C576DD9003FC4A5 /* IMEI-Validation-Demo */ = {
			isa = PBXNativeTarget;
			buildConfigurationList = 0457CB3D1C576DD9003FC4A5 /* Build configuration list for PBXNativeTarget "IMEI-Validation-Demo" */;
			buildPhases = (
				0457CB321C576DD9003FC4A5 /* Sources */,
				0457CB331C576DD9003FC4A5 /* Frameworks */,
				0457CB341C576DD9003FC4A5 /* CopyFiles */,
			);
			buildRules = (
			);
			dependencies = (
			);
			name = "IMEI-Validation-Demo";
			productName = "IMEI-Validation-Demo";
			productReference = 0457CB361C576DD9003FC4A5 /* IMEI-Validation-Demo */;
			productType = "com.apple.product-type.tool";
		};
/* End PBXNativeTarget section */

/* Begin PBXProject section */
		0457CB2E1C576DD9003FC4A5 /* Project object */ = {
			isa = PBXProject;
			attributes = {
				LastUpgradeCheck = 0720;
				ORGANIZATIONNAME = Vincent;
				TargetAttributes = {
					0457CB351C576DD9003FC4A5 = {
						CreatedOnToolsVersion = 7.2;
					};
				};
			};
			buildConfigurationList = 0457CB311C576DD9003FC4A5 /* Build configuration list for PBXProject "IMEI-Validation-Demo" */;
			compatibilityVersion = "Xcode 3.2";
			developmentRegion = English;
			hasScannedForEncodings = 0;
			knownRegions = (
				en,
			);
			mainGroup = 0457CB2D1C576DD9003FC4A5;
			productRefGroup = 0457CB371C576DD9003FC4A5 /* Products */;
			projectDirPath = "";
			projectRoot = "";
			targets = (
				0457CB351C576DD9003FC4A5 /* IMEI-Validation-Demo */,
			);
		};
/* End PBXProject section */

/* Begin PBXSourcesBuildPhase section */
		0457CB321C576DD9003FC4A5 /* Sources */ = {
			isa = PBXSourcesBuildPhase;
			buildActionMask = 2147483647;
			files = (
				0457CB421C576DF3003FC4A5 /* NSString+IMEIValidation.m in Sources */,
				0457CB3A1C576DD9003FC4A5 /* main.m in Sources */,
			);
			runOnlyForDeploymentPostprocessing = 0;
		};
/* End PBXSourcesBuildPhase section */

/* Begin XCBuildConfiguration section */
		0457CB3B1C576DD9003FC4A5 /* Debug */ = {
			isa = XCBuildConfiguration;
			buildSettings = {
				ALWAYS_SEARCH_USER_PATHS = NO;
				CLANG_CXX_LANGUAGE_STANDARD = "gnu++0x";
				CLANG_CXX_LIBRARY = "libc++";
				CLANG_ENABLE_MODULES = YES;
				CLANG_ENABLE_OBJC_ARC = YES;
				CLANG_WARN_BOOL_CONVERSION = YES;
				CLANG_WARN_CONSTANT_CONVERSION = YES;
				CLANG_WARN_DIRECT_OBJC_ISA_USAGE = YES_ERROR;
				CLANG_WARN_EMPTY_BODY = YES;
				CLANG_WARN_ENUM_CONVERSION = YES;
				CLANG_WARN_INT_CONVERSION = YES;
				CLANG_WARN_OBJC_ROOT_CLASS = YES_ERROR;
				CLANG_WARN_UNREACHABLE_CODE = YES;
				CLANG_WARN__DUPLICATE_METHOD_MATCH = YES;
				CODE_SIGN_IDENTITY = "-";
				COPY_PHASE_STRIP = NO;
				DEBUG_INFORMATION_FORMAT = dwarf;
				ENABLE_STRICT_OBJC_MSGSEND = YES;
				ENABLE_TESTABILITY = YES;
				GCC_C_LANGUAGE_STANDARD = gnu99;
				GCC_DYNAMIC_NO_PIC = NO;
				GCC_NO_COMMON_BLOCKS = YES;
				GCC_OPTIMIZATION_LEVEL = 0;
				GCC_PREPROCESSOR_DEFINITIONS = (
					"DEBUG=1",
					"$(inherited)",
				);
				GCC_WARN_64_TO_32_BIT_CONVERSION = YES;
				GCC_WARN_ABOUT_RETURN_TYPE = YES_ERROR;
				GCC_WARN_UNDECLARED_SELECTOR = YES;
				GCC_WARN_UNINITIALIZED_AUTOS = YES_AGGRESSIVE;
				GCC_WARN_UNUSED_FUNCTION = YES;
				GCC_WARN_UNUSED_VARIABLE = YES;
				MACOSX_DEPLOYMENT_TARGET = 10.11;
				MTL_ENABLE_DEBUG_INFO = YES;
				ONLY_ACTIVE_ARCH = YES;
				SDKROOT = macosx;
			};
			name = Debug;
		};
		0457CB3C1C576DD9003FC4A5 /* Release */ = {
			isa = XCBuildConfiguration;
			buildSettings = {
				ALWAYS_SEARCH_USER_PATHS = NO;
				CLANG_CXX_LANGUAGE_STANDARD = "gnu++0x";
				CLANG_CXX_LIBRARY = "libc++";
				CLANG_ENABLE_MODULES = YES;
				CLANG_ENABLE_OBJC_ARC = YES;
				CLANG_WARN_BOOL_CONVERSION = YES;
				CLANG_WARN_CONSTANT_CONVERSION = YES;
				CLANG_WARN_DIRECT_OBJC_ISA_USAGE = YES_ERROR;
				CLANG_WARN_EMPTY_BODY = YES;
				CLANG_WARN_ENUM_CONVERSION = YES;
				CLANG_WARN_INT_CONVERSION = YES;
				CLANG_WARN_OBJC_ROOT_CLASS = YES_ERROR;
				CLANG_WARN_UNREACHABLE_CODE = YES;
				CLANG_WARN__DUPLICATE_METHOD_MATCH = YES;
				CODE_SIGN_IDENTITY = "-";
				COPY_PHASE_STRIP = NO;
				DEBUG_INFORMATION_FORMAT = "dwarf-with-dsym";
				ENABLE_NS_ASSERTIONS = NO;
				ENABLE_STRICT_OBJC_MSGSEND = YES;
				GCC_C_LANGUAGE_STANDARD = gnu99;
				GCC_NO_COMMON_BLOCKS = YES;
				GCC_WARN_64_TO_32_BIT_CONVERSION = YES;
				GCC_WARN_ABOUT_RETURN_TYPE = YES_ERROR;
				GCC_WARN_UNDECLARED_SELECTOR = YES;
				GCC_WARN_UNINITIALIZED_AUTOS = YES_AGGRESSIVE;
				GCC_WARN_UNUSED_FUNCTION = YES;
				GCC_WARN_UNUSED_VARIABLE = YES;
				MACOSX_DEPLOYMENT_TARGET = 10.11;
				MTL_ENABLE_DEBUG_INFO = NO;
				SDKROOT = macosx;
			};
			name = Release;
		};
		0457CB3E1C576DD9003FC4A5 /* Debug */ = {
			isa = XCBuildConfiguration;
			buildSettings = {
				PRODUCT_NAME = "$(TARGET_NAME)";
			};
			name = Debug;
		};
		0457CB3F1C576DD9003FC4A5 /* Release */ = {
			isa = XCBuildConfiguration;
			buildSettings = {
				PRODUCT_NAME = "$(TARGET_NAME)";
			};
			name = Release;
		};
/* End XCBuildConfiguration section */

/* Begin XCConfigurationList section */
		0457CB311C576DD9003FC4A5 /* Build configuration list for PBXProject "IMEI-Validation-Demo" */ = {
			isa = XCConfigurationList;
			buildConfigurations = (
				0457CB3B1C576DD9003FC4A5 /* Debug */,
				0457CB3C1C576DD9003FC4A5 /* Release */,
			);
			defaultConfigurationIsVisible = 0;
			defaultConfigurationName = Release;
		};
		0457CB3D1C576DD9003FC4A5 /* Build configuration list for PBXNativeTarget "IMEI-Validation-Demo" */ = {
			isa = XCConfigurationList;
			buildConfigurations = (
				0457CB3E1C576DD9003FC4A5 /* Debug */,
				0457CB3F1C576DD9003FC4A5 /* Release */,
			);
			defaultConfigurationIsVisible = 0;
		};
/* End XCConfigurationList section */
	};
	rootObject = 0457CB2E1C576DD9003FC4A5 /* Project object */;
}
